
Microsoft Visual Studio Solution File, Format Version 12.00
# Visual Studio Version 16
VisualStudioVersion = 16.0.30907.101
MinimumVisualStudioVersion = 10.0.40219.1
Project("{9A19103F-16F7-4668-BE54-9A1E7A4F7556}") = "NetCoreProduct", "NetCoreProduct.csproj", "{1CA956B8-E765-4038-8C75-679037D7ECD8}"
EndProject
Global
	GlobalSection(SolutionConfigurationPlatforms) = preSolution
		Debug|Any CPU = Debug|Any CPU
		Release|Any CPU = Release|Any CPU
	EndGlobalSection
	GlobalSection(ProjectConfigurationPlatforms) = postSolution
		{1CA956B8-E765-4038-8C75-679037D7ECD8}.Debug|Any CPU.ActiveCfg = Debug|Any CPU
		{1CA956B8-E765-4038-8C75-679037D7ECD8}.Debug|Any CPU.Build.0 = Debug|Any CPU
		{1CA956B8-E765-4038-8C75-679037D7ECD8}.Release|Any CPU.ActiveCfg = Release|Any CPU
		{1CA956B8-E765-4038-8C75-679037D7ECD8}.Release|Any CPU.Build.0 = Release|Any CPU
	EndGlobalSection
	GlobalSection(SolutionProperties) = preSolution
		HideSolutionNode = FALSE
	EndGlobalSection
	GlobalSection(ExtensibilityGlobals) = postSolution
		SolutionGuid = {CC682113-C8E2-49ED-A750-E73FAA0B07BA}
	EndGlobalSection
EndGlobal
